// !$*UTF8*$!
{
	archiveVersion = 1;
	classes = {
	};
	objectVersion = 51;
	objects = {

/* Begin PBXBuildFile section */
		39B577ED5BA373172E894081 /* Pods_FileExpertTests.framework in Frameworks */ = {isa = PBXBuildFile; fileRef = E00EAF6EFF30B676012C6E4C /* Pods_FileExpertTests.framework */; };
		89DB65A28E1106DFD42C2055 /* Pods_FileExpert.framework in Frameworks */ = {isa = PBXBuildFile; fileRef = AD801EB45B4220402174144F /* Pods_FileExpert.framework */; };
		C6FDFE7AEE509E766A47561E /* Pods_FileExpert_FileExpertUITests.framework in Frameworks */ = {isa = PBXBuildFile; fileRef = 668F847BBF6FA8D03DC5A802 /* Pods_FileExpert_FileExpertUITests.framework */; };
		D53A73F4265F712D0050D67C /* AppDelegate.swift in Sources */ = {isa = PBXBuildFile; fileRef = D53A73F3265F712D0050D67C /* AppDelegate.swift */; };
		D53A73F6265F712D0050D67C /* SceneDelegate.swift in Sources */ = {isa = PBXBuildFile; fileRef = D53A73F5265F712D0050D67C /* SceneDelegate.swift */; };
		D53A73F8265F712D0050D67C /* ViewController.swift in Sources */ = {isa = PBXBuildFile; fileRef = D53A73F7265F712D0050D67C /* ViewController.swift */; };
		D53A73FD265F712E0050D67C /* Assets.xcassets in Resources */ = {isa = PBXBuildFile; fileRef = D53A73FC265F712E0050D67C /* Assets.xcassets */; };
		D53A7400265F712E0050D67C /* LaunchScreen.storyboard in Resources */ = {isa = PBXBuildFile; fileRef = D53A73FE265F712E0050D67C /* LaunchScreen.storyboard */; };
		D53A740B265F712F0050D67C /* FileExpertTests.swift in Sources */ = {isa = PBXBuildFile; fileRef = D53A740A265F712F0050D67C /* FileExpertTests.swift */; };
		D53A7416265F712F0050D67C /* FileExpertUITests.swift in Sources */ = {isa = PBXBuildFile; fileRef = D53A7415265F712F0050D67C /* FileExpertUITests.swift */; };
		D53A746E265F87260050D67C /* SheetService.swift in Sources */ = {isa = PBXBuildFile; fileRef = D53A746D265F87260050D67C /* SheetService.swift */; };
		D53A7486265FDFE30050D67C /* File.swift in Sources */ = {isa = PBXBuildFile; fileRef = D53A7485265FDFE30050D67C /* File.swift */; };
		D53A74D626601E5D0050D67C /* FolderViewController.swift in Sources */ = {isa = PBXBuildFile; fileRef = D53A74D526601E5D0050D67C /* FolderViewController.swift */; };
		D53A751B2660471E0050D67C /* Sheet.swift in Sources */ = {isa = PBXBuildFile; fileRef = D53A751A2660471E0050D67C /* Sheet.swift */; };
		D53A752626609B080050D67C /* BaseListController.swift in Sources */ = {isa = PBXBuildFile; fileRef = D53A752526609B080050D67C /* BaseListController.swift */; };
		D53A752C266134290050D67C /* IconViewCell.swift in Sources */ = {isa = PBXBuildFile; fileRef = D53A752B266134280050D67C /* IconViewCell.swift */; };
		D53A7535266139270050D67C /* VerticalStackView.swift in Sources */ = {isa = PBXBuildFile; fileRef = D53A7534266139270050D67C /* VerticalStackView.swift */; };
		D53A753A266139A30050D67C /* HorizontalStackView.swift in Sources */ = {isa = PBXBuildFile; fileRef = D53A7539266139A30050D67C /* HorizontalStackView.swift */; };
		D53A753F26613A1A0050D67C /* Extensions.swift in Sources */ = {isa = PBXBuildFile; fileRef = D53A753E26613A1A0050D67C /* Extensions.swift */; };
		D53A754426613A330050D67C /* UIView+Layout.swift in Sources */ = {isa = PBXBuildFile; fileRef = D53A754326613A330050D67C /* UIView+Layout.swift */; };
		D53A758B2661BCB10050D67C /* MainViewController.swift in Sources */ = {isa = PBXBuildFile; fileRef = D53A758A2661BCB00050D67C /* MainViewController.swift */; };
		D53A75902661FE9A0050D67C /* SimpleOver.swift in Sources */ = {isa = PBXBuildFile; fileRef = D53A758F2661FE9A0050D67C /* SimpleOver.swift */; };
		D59FA931266227FE00E1BE54 /* ListViewCell.swift in Sources */ = {isa = PBXBuildFile; fileRef = D59FA930266227FE00E1BE54 /* ListViewCell.swift */; };
		D59FA93626622B9E00E1BE54 /* ItemView.swift in Sources */ = {isa = PBXBuildFile; fileRef = D59FA93526622B9E00E1BE54 /* ItemView.swift */; };
		D59FA93B266233ED00E1BE54 /* IconsFlowLayout.swift in Sources */ = {isa = PBXBuildFile; fileRef = D59FA93A266233ED00E1BE54 /* IconsFlowLayout.swift */; };
		D59FA9402662466300E1BE54 /* ListFlowLayout.swift in Sources */ = {isa = PBXBuildFile; fileRef = D59FA93F2662466300E1BE54 /* ListFlowLayout.swift */; };
		D59FA9452662B37200E1BE54 /* AppState.swift in Sources */ = {isa = PBXBuildFile; fileRef = D59FA9442662B37200E1BE54 /* AppState.swift */; };
/* End PBXBuildFile section */

/* Begin PBXContainerItemProxy section */
		D53A7407265F712F0050D67C /* PBXContainerItemProxy */ = {
			isa = PBXContainerItemProxy;
			containerPortal = D53A73E8265F712D0050D67C /* Project object */;
			proxyType = 1;
			remoteGlobalIDString = D53A73EF265F712D0050D67C;
			remoteInfo = FileExpert;
		};
		D53A7412265F712F0050D67C /* PBXContainerItemProxy */ = {
			isa = PBXContainerItemProxy;
			containerPortal = D53A73E8265F712D0050D67C /* Project object */;
			proxyType = 1;
			remoteGlobalIDString = D53A73EF265F712D0050D67C;
			remoteInfo = FileExpert;
		};
/* End PBXContainerItemProxy section */

/* Begin PBXFileReference section */
		295E4C690DD83BE784AEBD68 /* Pods-FileExpert.release.xcconfig */ = {isa = PBXFileReference; includeInIndex = 1; lastKnownFileType = text.xcconfig; name = "Pods-FileExpert.release.xcconfig"; path = "Target Support Files/Pods-FileExpert/Pods-FileExpert.release.xcconfig"; sourceTree = "<group>"; };
		470CAA6549990293786983C5 /* Pods-FileExpert.debug.xcconfig */ = {isa = PBXFileReference; includeInIndex = 1; lastKnownFileType = text.xcconfig; name = "Pods-FileExpert.debug.xcconfig"; path = "Target Support Files/Pods-FileExpert/Pods-FileExpert.debug.xcconfig"; sourceTree = "<group>"; };
		4E0E19D16C2C4B52B3C95403 /* Pods-FileExpertTests.release.xcconfig */ = {isa = PBXFileReference; includeInIndex = 1; lastKnownFileType = text.xcconfig; name = "Pods-FileExpertTests.release.xcconfig"; path = "Target Support Files/Pods-FileExpertTests/Pods-FileExpertTests.release.xcconfig"; sourceTree = "<group>"; };
		668F847BBF6FA8D03DC5A802 /* Pods_FileExpert_FileExpertUITests.framework */ = {isa = PBXFileReference; explicitFileType = wrapper.framework; includeInIndex = 0; path = Pods_FileExpert_FileExpertUITests.framework; sourceTree = BUILT_PRODUCTS_DIR; };
		8B1DC54110270BCB3AB62C7B /* Pods-FileExpert-FileExpertUITests.debug.xcconfig */ = {isa = PBXFileReference; includeInIndex = 1; lastKnownFileType = text.xcconfig; name = "Pods-FileExpert-FileExpertUITests.debug.xcconfig"; path = "Target Support Files/Pods-FileExpert-FileExpertUITests/Pods-FileExpert-FileExpertUITests.debug.xcconfig"; sourceTree = "<group>"; };
		9052F2C7DDD52501A2DA8558 /* Pods-FileExpert-FileExpertUITests.release.xcconfig */ = {isa = PBXFileReference; includeInIndex = 1; lastKnownFileType = text.xcconfig; name = "Pods-FileExpert-FileExpertUITests.release.xcconfig"; path = "Target Support Files/Pods-FileExpert-FileExpertUITests/Pods-FileExpert-FileExpertUITests.release.xcconfig"; sourceTree = "<group>"; };
		AD801EB45B4220402174144F /* Pods_FileExpert.framework */ = {isa = PBXFileReference; explicitFileType = wrapper.framework; includeInIndex = 0; path = Pods_FileExpert.framework; sourceTree = BUILT_PRODUCTS_DIR; };
		D3197F202C06F87074AF7A26 /* Pods-FileExpertTests.debug.xcconfig */ = {isa = PBXFileReference; includeInIndex = 1; lastKnownFileType = text.xcconfig; name = "Pods-FileExpertTests.debug.xcconfig"; path = "Target Support Files/Pods-FileExpertTests/Pods-FileExpertTests.debug.xcconfig"; sourceTree = "<group>"; };
		D53A73F0265F712D0050D67C /* FileExpert.app */ = {isa = PBXFileReference; explicitFileType = wrapper.application; includeInIndex = 0; path = FileExpert.app; sourceTree = BUILT_PRODUCTS_DIR; };
		D53A73F3265F712D0050D67C /* AppDelegate.swift */ = {isa = PBXFileReference; lastKnownFileType = sourcecode.swift; path = AppDelegate.swift; sourceTree = "<group>"; };
		D53A73F5265F712D0050D67C /* SceneDelegate.swift */ = {isa = PBXFileReference; lastKnownFileType = sourcecode.swift; path = SceneDelegate.swift; sourceTree = "<group>"; };
		D53A73F7265F712D0050D67C /* ViewController.swift */ = {isa = PBXFileReference; lastKnownFileType = sourcecode.swift; path = ViewController.swift; sourceTree = "<group>"; };
		D53A73FC265F712E0050D67C /* Assets.xcassets */ = {isa = PBXFileReference; lastKnownFileType = folder.assetcatalog; path = Assets.xcassets; sourceTree = "<group>"; };
		D53A73FF265F712E0050D67C /* Base */ = {isa = PBXFileReference; lastKnownFileType = file.storyboard; name = Base; path = Base.lproj/LaunchScreen.storyboard; sourceTree = "<group>"; };
		D53A7401265F712E0050D67C /* Info.plist */ = {isa = PBXFileReference; lastKnownFileType = text.plist.xml; path = Info.plist; sourceTree = "<group>"; };
		D53A7406265F712F0050D67C /* FileExpertTests.xctest */ = {isa = PBXFileReference; explicitFileType = wrapper.cfbundle; includeInIndex = 0; path = FileExpertTests.xctest; sourceTree = BUILT_PRODUCTS_DIR; };
		D53A740A265F712F0050D67C /* FileExpertTests.swift */ = {isa = PBXFileReference; lastKnownFileType = sourcecode.swift; path = FileExpertTests.swift; sourceTree = "<group>"; };
		D53A740C265F712F0050D67C /* Info.plist */ = {isa = PBXFileReference; lastKnownFileType = text.plist.xml; path = Info.plist; sourceTree = "<group>"; };
		D53A7411265F712F0050D67C /* FileExpertUITests.xctest */ = {isa = PBXFileReference; explicitFileType = wrapper.cfbundle; includeInIndex = 0; path = FileExpertUITests.xctest; sourceTree = BUILT_PRODUCTS_DIR; };
		D53A7415265F712F0050D67C /* FileExpertUITests.swift */ = {isa = PBXFileReference; lastKnownFileType = sourcecode.swift; path = FileExpertUITests.swift; sourceTree = "<group>"; };
		D53A7417265F712F0050D67C /* Info.plist */ = {isa = PBXFileReference; lastKnownFileType = text.plist.xml; path = Info.plist; sourceTree = "<group>"; };
		D53A746D265F87260050D67C /* SheetService.swift */ = {isa = PBXFileReference; lastKnownFileType = sourcecode.swift; path = SheetService.swift; sourceTree = "<group>"; };
		D53A7485265FDFE30050D67C /* File.swift */ = {isa = PBXFileReference; lastKnownFileType = sourcecode.swift; path = File.swift; sourceTree = "<group>"; };
		D53A74D526601E5D0050D67C /* FolderViewController.swift */ = {isa = PBXFileReference; lastKnownFileType = sourcecode.swift; path = FolderViewController.swift; sourceTree = "<group>"; };
		D53A751A2660471E0050D67C /* Sheet.swift */ = {isa = PBXFileReference; lastKnownFileType = sourcecode.swift; path = Sheet.swift; sourceTree = "<group>"; };
		D53A752526609B080050D67C /* BaseListController.swift */ = {isa = PBXFileReference; lastKnownFileType = sourcecode.swift; path = BaseListController.swift; sourceTree = "<group>"; };
		D53A752B266134280050D67C /* IconViewCell.swift */ = {isa = PBXFileReference; lastKnownFileType = sourcecode.swift; path = IconViewCell.swift; sourceTree = "<group>"; };
		D53A7534266139270050D67C /* VerticalStackView.swift */ = {isa = PBXFileReference; lastKnownFileType = sourcecode.swift; path = VerticalStackView.swift; sourceTree = "<group>"; };
		D53A7539266139A30050D67C /* HorizontalStackView.swift */ = {isa = PBXFileReference; lastKnownFileType = sourcecode.swift; path = HorizontalStackView.swift; sourceTree = "<group>"; };
		D53A753E26613A1A0050D67C /* Extensions.swift */ = {isa = PBXFileReference; lastKnownFileType = sourcecode.swift; path = Extensions.swift; sourceTree = "<group>"; };
		D53A754326613A330050D67C /* UIView+Layout.swift */ = {isa = PBXFileReference; lastKnownFileType = sourcecode.swift; path = "UIView+Layout.swift"; sourceTree = "<group>"; };
		D53A758A2661BCB00050D67C /* MainViewController.swift */ = {isa = PBXFileReference; lastKnownFileType = sourcecode.swift; path = MainViewController.swift; sourceTree = "<group>"; };
		D53A758F2661FE9A0050D67C /* SimpleOver.swift */ = {isa = PBXFileReference; lastKnownFileType = sourcecode.swift; path = SimpleOver.swift; sourceTree = "<group>"; };
		D59FA930266227FE00E1BE54 /* ListViewCell.swift */ = {isa = PBXFileReference; lastKnownFileType = sourcecode.swift; path = ListViewCell.swift; sourceTree = "<group>"; };
		D59FA93526622B9E00E1BE54 /* ItemView.swift */ = {isa = PBXFileReference; lastKnownFileType = sourcecode.swift; path = ItemView.swift; sourceTree = "<group>"; };
		D59FA93A266233ED00E1BE54 /* IconsFlowLayout.swift */ = {isa = PBXFileReference; lastKnownFileType = sourcecode.swift; path = IconsFlowLayout.swift; sourceTree = "<group>"; };
		D59FA93F2662466300E1BE54 /* ListFlowLayout.swift */ = {isa = PBXFileReference; lastKnownFileType = sourcecode.swift; path = ListFlowLayout.swift; sourceTree = "<group>"; };
		D59FA9442662B37200E1BE54 /* AppState.swift */ = {isa = PBXFileReference; lastKnownFileType = sourcecode.swift; path = AppState.swift; sourceTree = "<group>"; };
		E00EAF6EFF30B676012C6E4C /* Pods_FileExpertTests.framework */ = {isa = PBXFileReference; explicitFileType = wrapper.framework; includeInIndex = 0; path = Pods_FileExpertTests.framework; sourceTree = BUILT_PRODUCTS_DIR; };
/* End PBXFileReference section */

/* Begin PBXFrameworksBuildPhase section */
		D53A73ED265F712D0050D67C /* Frameworks */ = {
			isa = PBXFrameworksBuildPhase;
			buildActionMask = 2147483647;
			files = (
				89DB65A28E1106DFD42C2055 /* Pods_FileExpert.framework in Frameworks */,
			);
			runOnlyForDeploymentPostprocessing = 0;
		};
		D53A7403265F712F0050D67C /* Frameworks */ = {
			isa = PBXFrameworksBuildPhase;
			buildActionMask = 2147483647;
			files = (
				39B577ED5BA373172E894081 /* Pods_FileExpertTests.framework in Frameworks */,
			);
			runOnlyForDeploymentPostprocessing = 0;
		};
		D53A740E265F712F0050D67C /* Frameworks */ = {
			isa = PBXFrameworksBuildPhase;
			buildActionMask = 2147483647;
			files = (
				C6FDFE7AEE509E766A47561E /* Pods_FileExpert_FileExpertUITests.framework in Frameworks */,
			);
			runOnlyForDeploymentPostprocessing = 0;
		};
/* End PBXFrameworksBuildPhase section */

/* Begin PBXGroup section */
		1282AFD554D892C9C8AD4ECE /* Pods */ = {
			isa = PBXGroup;
			children = (
				470CAA6549990293786983C5 /* Pods-FileExpert.debug.xcconfig */,
				295E4C690DD83BE784AEBD68 /* Pods-FileExpert.release.xcconfig */,
				8B1DC54110270BCB3AB62C7B /* Pods-FileExpert-FileExpertUITests.debug.xcconfig */,
				9052F2C7DDD52501A2DA8558 /* Pods-FileExpert-FileExpertUITests.release.xcconfig */,
				D3197F202C06F87074AF7A26 /* Pods-FileExpertTests.debug.xcconfig */,
				4E0E19D16C2C4B52B3C95403 /* Pods-FileExpertTests.release.xcconfig */,
			);
			path = Pods;
			sourceTree = "<group>";
		};
		B545CA1D03FDB554F48D87B9 /* Frameworks */ = {
			isa = PBXGroup;
			children = (
				AD801EB45B4220402174144F /* Pods_FileExpert.framework */,
				668F847BBF6FA8D03DC5A802 /* Pods_FileExpert_FileExpertUITests.framework */,
				E00EAF6EFF30B676012C6E4C /* Pods_FileExpertTests.framework */,
			);
			name = Frameworks;
			sourceTree = "<group>";
		};
		D53A73E7265F712D0050D67C = {
			isa = PBXGroup;
			children = (
				D53A73F2265F712D0050D67C /* FileExpert */,
				D53A7409265F712F0050D67C /* FileExpertTests */,
				D53A7414265F712F0050D67C /* FileExpertUITests */,
				D53A73F1265F712D0050D67C /* Products */,
				1282AFD554D892C9C8AD4ECE /* Pods */,
				B545CA1D03FDB554F48D87B9 /* Frameworks */,
			);
			sourceTree = "<group>";
		};
		D53A73F1265F712D0050D67C /* Products */ = {
			isa = PBXGroup;
			children = (
				D53A73F0265F712D0050D67C /* FileExpert.app */,
				D53A7406265F712F0050D67C /* FileExpertTests.xctest */,
				D53A7411265F712F0050D67C /* FileExpertUITests.xctest */,
			);
			name = Products;
			sourceTree = "<group>";
		};
		D53A73F2265F712D0050D67C /* FileExpert */ = {
			isa = PBXGroup;
			children = (
				D53A7533266139170050D67C /* Helpers */,
				D53A752A266134030050D67C /* Views */,
				D53A74CC26601E360050D67C /* Controllers */,
				D53A7484265FDFD70050D67C /* Models */,
				D53A746C265F870D0050D67C /* Service */,
				D53A73F3265F712D0050D67C /* AppDelegate.swift */,
				D53A73F5265F712D0050D67C /* SceneDelegate.swift */,
				D53A73F7265F712D0050D67C /* ViewController.swift */,
				D53A73FC265F712E0050D67C /* Assets.xcassets */,
				D53A73FE265F712E0050D67C /* LaunchScreen.storyboard */,
				D53A7401265F712E0050D67C /* Info.plist */,
			);
			path = FileExpert;
			sourceTree = "<group>";
		};
		D53A7409265F712F0050D67C /* FileExpertTests */ = {
			isa = PBXGroup;
			children = (
				D53A740A265F712F0050D67C /* FileExpertTests.swift */,
				D53A740C265F712F0050D67C /* Info.plist */,
			);
			path = FileExpertTests;
			sourceTree = "<group>";
		};
		D53A7414265F712F0050D67C /* FileExpertUITests */ = {
			isa = PBXGroup;
			children = (
				D53A7415265F712F0050D67C /* FileExpertUITests.swift */,
				D53A7417265F712F0050D67C /* Info.plist */,
			);
			path = FileExpertUITests;
			sourceTree = "<group>";
		};
		D53A746C265F870D0050D67C /* Service */ = {
			isa = PBXGroup;
			children = (
				D53A746D265F87260050D67C /* SheetService.swift */,
			);
			path = Service;
			sourceTree = "<group>";
		};
		D53A7484265FDFD70050D67C /* Models */ = {
			isa = PBXGroup;
			children = (
				D59FA9442662B37200E1BE54 /* AppState.swift */,
				D53A7485265FDFE30050D67C /* File.swift */,
				D53A751A2660471E0050D67C /* Sheet.swift */,
			);
			path = Models;
			sourceTree = "<group>";
		};
		D53A74CC26601E360050D67C /* Controllers */ = {
			isa = PBXGroup;
			children = (
				D53A74D526601E5D0050D67C /* FolderViewController.swift */,
				D53A752526609B080050D67C /* BaseListController.swift */,
				D53A758A2661BCB00050D67C /* MainViewController.swift */,
				D59FA93A266233ED00E1BE54 /* IconsFlowLayout.swift */,
				D59FA93F2662466300E1BE54 /* ListFlowLayout.swift */,
			);
			path = Controllers;
			sourceTree = "<group>";
		};
		D53A752A266134030050D67C /* Views */ = {
			isa = PBXGroup;
			children = (
				D53A752B266134280050D67C /* IconViewCell.swift */,
				D59FA930266227FE00E1BE54 /* ListViewCell.swift */,
				D59FA93526622B9E00E1BE54 /* ItemView.swift */,
			);
			path = Views;
			sourceTree = "<group>";
		};
		D53A7533266139170050D67C /* Helpers */ = {
			isa = PBXGroup;
			children = (
				D53A7534266139270050D67C /* VerticalStackView.swift */,
				D53A7539266139A30050D67C /* HorizontalStackView.swift */,
				D53A753E26613A1A0050D67C /* Extensions.swift */,
				D53A754326613A330050D67C /* UIView+Layout.swift */,
				D53A758F2661FE9A0050D67C /* SimpleOver.swift */,
			);
			path = Helpers;
			sourceTree = "<group>";
		};
/* End PBXGroup section */

/* Begin PBXNativeTarget section */
		D53A73EF265F712D0050D67C /* FileExpert */ = {
			isa = PBXNativeTarget;
			buildConfigurationList = D53A741A265F712F0050D67C /* Build configuration list for PBXNativeTarget "FileExpert" */;
			buildPhases = (
				6AAAC108878D71A8966A6CC0 /* [CP] Check Pods Manifest.lock */,
				D53A73EC265F712D0050D67C /* Sources */,
				D53A73ED265F712D0050D67C /* Frameworks */,
				D53A73EE265F712D0050D67C /* Resources */,
				E292112121ED94373EBCFDE8 /* [CP] Embed Pods Frameworks */,
				C60E1E975000B4BAB23BD02D /* [CP] Copy Pods Resources */,
			);
			buildRules = (
			);
			dependencies = (
			);
			name = FileExpert;
			productName = FileExpert;
			productReference = D53A73F0265F712D0050D67C /* FileExpert.app */;
			productType = "com.apple.product-type.application";
		};
		D53A7405265F712F0050D67C /* FileExpertTests */ = {
			isa = PBXNativeTarget;
			buildConfigurationList = D53A741D265F712F0050D67C /* Build configuration list for PBXNativeTarget "FileExpertTests" */;
			buildPhases = (
				140E0A324C6CD463C3AE471F /* [CP] Check Pods Manifest.lock */,
				D53A7402265F712F0050D67C /* Sources */,
				D53A7403265F712F0050D67C /* Frameworks */,
				D53A7404265F712F0050D67C /* Resources */,
			);
			buildRules = (
			);
			dependencies = (
				D53A7408265F712F0050D67C /* PBXTargetDependency */,
			);
			name = FileExpertTests;
			productName = FileExpertTests;
			productReference = D53A7406265F712F0050D67C /* FileExpertTests.xctest */;
			productType = "com.apple.product-type.bundle.unit-test";
		};
		D53A7410265F712F0050D67C /* FileExpertUITests */ = {
			isa = PBXNativeTarget;
			buildConfigurationList = D53A7420265F712F0050D67C /* Build configuration list for PBXNativeTarget "FileExpertUITests" */;
			buildPhases = (
				CB1B70004395D361CED9525D /* [CP] Check Pods Manifest.lock */,
				D53A740D265F712F0050D67C /* Sources */,
				D53A740E265F712F0050D67C /* Frameworks */,
				D53A740F265F712F0050D67C /* Resources */,
				24DC7C4E07B39566D7AAB671 /* [CP] Embed Pods Frameworks */,
				335A898A51C35EEDCAC3F55D /* [CP] Copy Pods Resources */,
			);
			buildRules = (
			);
			dependencies = (
				D53A7413265F712F0050D67C /* PBXTargetDependency */,
			);
			name = FileExpertUITests;
			productName = FileExpertUITests;
			productReference = D53A7411265F712F0050D67C /* FileExpertUITests.xctest */;
			productType = "com.apple.product-type.bundle.ui-testing";
		};
/* End PBXNativeTarget section */

/* Begin PBXProject section */
		D53A73E8265F712D0050D67C /* Project object */ = {
			isa = PBXProject;
			attributes = {
				LastSwiftUpdateCheck = 1240;
				LastUpgradeCheck = 1240;
				TargetAttributes = {
					D53A73EF265F712D0050D67C = {
						CreatedOnToolsVersion = 12.4;
					};
					D53A7405265F712F0050D67C = {
						CreatedOnToolsVersion = 12.4;
						TestTargetID = D53A73EF265F712D0050D67C;
					};
					D53A7410265F712F0050D67C = {
						CreatedOnToolsVersion = 12.4;
						TestTargetID = D53A73EF265F712D0050D67C;
					};
				};
			};
			buildConfigurationList = D53A73EB265F712D0050D67C /* Build configuration list for PBXProject "FileExpert" */;
			compatibilityVersion = "Xcode 9.3";
			developmentRegion = en;
			hasScannedForEncodings = 0;
			knownRegions = (
				en,
				Base,
			);
			mainGroup = D53A73E7265F712D0050D67C;
			productRefGroup = D53A73F1265F712D0050D67C /* Products */;
			projectDirPath = "";
			projectRoot = "";
			targets = (
				D53A73EF265F712D0050D67C /* FileExpert */,
				D53A7405265F712F0050D67C /* FileExpertTests */,
				D53A7410265F712F0050D67C /* FileExpertUITests */,
			);
		};
/* End PBXProject section */

/* Begin PBXResourcesBuildPhase section */
		D53A73EE265F712D0050D67C /* Resources */ = {
			isa = PBXResourcesBuildPhase;
			buildActionMask = 2147483647;
			files = (
				D53A7400265F712E0050D67C /* LaunchScreen.storyboard in Resources */,
				D53A73FD265F712E0050D67C /* Assets.xcassets in Resources */,
			);
			runOnlyForDeploymentPostprocessing = 0;
		};
		D53A7404265F712F0050D67C /* Resources */ = {
			isa = PBXResourcesBuildPhase;
			buildActionMask = 2147483647;
			files = (
			);
			runOnlyForDeploymentPostprocessing = 0;
		};
		D53A740F265F712F0050D67C /* Resources */ = {
			isa = PBXResourcesBuildPhase;
			buildActionMask = 2147483647;
			files = (
			);
			runOnlyForDeploymentPostprocessing = 0;
		};
/* End PBXResourcesBuildPhase section */

/* Begin PBXShellScriptBuildPhase section */
		140E0A324C6CD463C3AE471F /* [CP] Check Pods Manifest.lock */ = {
			isa = PBXShellScriptBuildPhase;
			buildActionMask = 2147483647;
			files = (
			);
			inputFileListPaths = (
			);
			inputPaths = (
				"${PODS_PODFILE_DIR_PATH}/Podfile.lock",
				"${PODS_ROOT}/Manifest.lock",
			);
			name = "[CP] Check Pods Manifest.lock";
			outputFileListPaths = (
			);
			outputPaths = (
				"$(DERIVED_FILE_DIR)/Pods-FileExpertTests-checkManifestLockResult.txt",
			);
			runOnlyForDeploymentPostprocessing = 0;
			shellPath = /bin/sh;
			shellScript = "diff \"${PODS_PODFILE_DIR_PATH}/Podfile.lock\" \"${PODS_ROOT}/Manifest.lock\" > /dev/null\nif [ $? != 0 ] ; then\n    # print error to STDERR\n    echo \"error: The sandbox is not in sync with the Podfile.lock. Run 'pod install' or update your CocoaPods installation.\" >&2\n    exit 1\nfi\n# This output is used by Xcode 'outputs' to avoid re-running this script phase.\necho \"SUCCESS\" > \"${SCRIPT_OUTPUT_FILE_0}\"\n";
			showEnvVarsInLog = 0;
		};
		24DC7C4E07B39566D7AAB671 /* [CP] Embed Pods Frameworks */ = {
			isa = PBXShellScriptBuildPhase;
			buildActionMask = 2147483647;
			files = (
			);
			inputFileListPaths = (
				"${PODS_ROOT}/Target Support Files/Pods-FileExpert-FileExpertUITests/Pods-FileExpert-FileExpertUITests-frameworks-${CONFIGURATION}-input-files.xcfilelist",
			);
			name = "[CP] Embed Pods Frameworks";
			outputFileListPaths = (
				"${PODS_ROOT}/Target Support Files/Pods-FileExpert-FileExpertUITests/Pods-FileExpert-FileExpertUITests-frameworks-${CONFIGURATION}-output-files.xcfilelist",
			);
			runOnlyForDeploymentPostprocessing = 0;
			shellPath = /bin/sh;
			shellScript = "\"${PODS_ROOT}/Target Support Files/Pods-FileExpert-FileExpertUITests/Pods-FileExpert-FileExpertUITests-frameworks.sh\"\n";
			showEnvVarsInLog = 0;
		};
		335A898A51C35EEDCAC3F55D /* [CP] Copy Pods Resources */ = {
			isa = PBXShellScriptBuildPhase;
			buildActionMask = 2147483647;
			files = (
			);
			inputFileListPaths = (
				"${PODS_ROOT}/Target Support Files/Pods-FileExpert-FileExpertUITests/Pods-FileExpert-FileExpertUITests-resources-${CONFIGURATION}-input-files.xcfilelist",
			);
			name = "[CP] Copy Pods Resources";
			outputFileListPaths = (
				"${PODS_ROOT}/Target Support Files/Pods-FileExpert-FileExpertUITests/Pods-FileExpert-FileExpertUITests-resources-${CONFIGURATION}-output-files.xcfilelist",
			);
			runOnlyForDeploymentPostprocessing = 0;
			shellPath = /bin/sh;
			shellScript = "\"${PODS_ROOT}/Target Support Files/Pods-FileExpert-FileExpertUITests/Pods-FileExpert-FileExpertUITests-resources.sh\"\n";
			showEnvVarsInLog = 0;
		};
		6AAAC108878D71A8966A6CC0 /* [CP] Check Pods Manifest.lock */ = {
			isa = PBXShellScriptBuildPhase;
			buildActionMask = 2147483647;
			files = (
			);
			inputFileListPaths = (
			);
			inputPaths = (
				"${PODS_PODFILE_DIR_PATH}/Podfile.lock",
				"${PODS_ROOT}/Manifest.lock",
			);
			name = "[CP] Check Pods Manifest.lock";
			outputFileListPaths = (
			);
			outputPaths = (
				"$(DERIVED_FILE_DIR)/Pods-FileExpert-checkManifestLockResult.txt",
			);
			runOnlyForDeploymentPostprocessing = 0;
			shellPath = /bin/sh;
			shellScript = "diff \"${PODS_PODFILE_DIR_PATH}/Podfile.lock\" \"${PODS_ROOT}/Manifest.lock\" > /dev/null\nif [ $? != 0 ] ; then\n    # print error to STDERR\n    echo \"error: The sandbox is not in sync with the Podfile.lock. Run 'pod install' or update your CocoaPods installation.\" >&2\n    exit 1\nfi\n# This output is used by Xcode 'outputs' to avoid re-running this script phase.\necho \"SUCCESS\" > \"${SCRIPT_OUTPUT_FILE_0}\"\n";
			showEnvVarsInLog = 0;
		};
		C60E1E975000B4BAB23BD02D /* [CP] Copy Pods Resources */ = {
			isa = PBXShellScriptBuildPhase;
			buildActionMask = 2147483647;
			files = (
			);
			inputFileListPaths = (
				"${PODS_ROOT}/Target Support Files/Pods-FileExpert/Pods-FileExpert-resources-${CONFIGURATION}-input-files.xcfilelist",
			);
			name = "[CP] Copy Pods Resources";
			outputFileListPaths = (
				"${PODS_ROOT}/Target Support Files/Pods-FileExpert/Pods-FileExpert-resources-${CONFIGURATION}-output-files.xcfilelist",
			);
			runOnlyForDeploymentPostprocessing = 0;
			shellPath = /bin/sh;
			shellScript = "\"${PODS_ROOT}/Target Support Files/Pods-FileExpert/Pods-FileExpert-resources.sh\"\n";
			showEnvVarsInLog = 0;
		};
		CB1B70004395D361CED9525D /* [CP] Check Pods Manifest.lock */ = {
			isa = PBXShellScriptBuildPhase;
			buildActionMask = 2147483647;
			files = (
			);
			inputFileListPaths = (
			);
			inputPaths = (
				"${PODS_PODFILE_DIR_PATH}/Podfile.lock",
				"${PODS_ROOT}/Manifest.lock",
			);
			name = "[CP] Check Pods Manifest.lock";
			outputFileListPaths = (
			);
			outputPaths = (
				"$(DERIVED_FILE_DIR)/Pods-FileExpert-FileExpertUITests-checkManifestLockResult.txt",
			);
			runOnlyForDeploymentPostprocessing = 0;
			shellPath = /bin/sh;
			shellScript = "diff \"${PODS_PODFILE_DIR_PATH}/Podfile.lock\" \"${PODS_ROOT}/Manifest.lock\" > /dev/null\nif [ $? != 0 ] ; then\n    # print error to STDERR\n    echo \"error: The sandbox is not in sync with the Podfile.lock. Run 'pod install' or update your CocoaPods installation.\" >&2\n    exit 1\nfi\n# This output is used by Xcode 'outputs' to avoid re-running this script phase.\necho \"SUCCESS\" > \"${SCRIPT_OUTPUT_FILE_0}\"\n";
			showEnvVarsInLog = 0;
		};
		E292112121ED94373EBCFDE8 /* [CP] Embed Pods Frameworks */ = {
			isa = PBXShellScriptBuildPhase;
			buildActionMask = 2147483647;
			files = (
			);
			inputFileListPaths = (
				"${PODS_ROOT}/Target Support Files/Pods-FileExpert/Pods-FileExpert-frameworks-${CONFIGURATION}-input-files.xcfilelist",
			);
			name = "[CP] Embed Pods Frameworks";
			outputFileListPaths = (
				"${PODS_ROOT}/Target Support Files/Pods-FileExpert/Pods-FileExpert-frameworks-${CONFIGURATION}-output-files.xcfilelist",
			);
			runOnlyForDeploymentPostprocessing = 0;
			shellPath = /bin/sh;
			shellScript = "\"${PODS_ROOT}/Target Support Files/Pods-FileExpert/Pods-FileExpert-frameworks.sh\"\n";
			showEnvVarsInLog = 0;
		};
/* End PBXShellScriptBuildPhase section */

/* Begin PBXSourcesBuildPhase section */
		D53A73EC265F712D0050D67C /* Sources */ = {
			isa = PBXSourcesBuildPhase;
			buildActionMask = 2147483647;
			files = (
				D53A751B2660471E0050D67C /* Sheet.swift in Sources */,
				D53A75902661FE9A0050D67C /* SimpleOver.swift in Sources */,
				D53A7486265FDFE30050D67C /* File.swift in Sources */,
				D53A746E265F87260050D67C /* SheetService.swift in Sources */,
				D59FA931266227FE00E1BE54 /* ListViewCell.swift in Sources */,
				D53A74D626601E5D0050D67C /* FolderViewController.swift in Sources */,
				D53A73F8265F712D0050D67C /* ViewController.swift in Sources */,
				D53A73F4265F712D0050D67C /* AppDelegate.swift in Sources */,
				D59FA9402662466300E1BE54 /* ListFlowLayout.swift in Sources */,
				D59FA93B266233ED00E1BE54 /* IconsFlowLayout.swift in Sources */,
				D53A752626609B080050D67C /* BaseListController.swift in Sources */,
				D59FA9452662B37200E1BE54 /* AppState.swift in Sources */,
				D53A758B2661BCB10050D67C /* MainViewController.swift in Sources */,
				D53A754426613A330050D67C /* UIView+Layout.swift in Sources */,
				D53A753F26613A1A0050D67C /* Extensions.swift in Sources */,
				D53A752C266134290050D67C /* IconViewCell.swift in Sources */,
				D53A73F6265F712D0050D67C /* SceneDelegate.swift in Sources */,
				D59FA93626622B9E00E1BE54 /* ItemView.swift in Sources */,
				D53A753A266139A30050D67C /* HorizontalStackView.swift in Sources */,
				D53A7535266139270050D67C /* VerticalStackView.swift in Sources */,
			);
			runOnlyForDeploymentPostprocessing = 0;
		};
		D53A7402265F712F0050D67C /* Sources */ = {
			isa = PBXSourcesBuildPhase;
			buildActionMask = 2147483647;
			files = (
				D53A740B265F712F0050D67C /* FileExpertTests.swift in Sources */,
			);
			runOnlyForDeploymentPostprocessing = 0;
		};
		D53A740D265F712F0050D67C /* Sources */ = {
			isa = PBXSourcesBuildPhase;
			buildActionMask = 2147483647;
			files = (
				D53A7416265F712F0050D67C /* FileExpertUITests.swift in Sources */,
			);
			runOnlyForDeploymentPostprocessing = 0;
		};
/* End PBXSourcesBuildPhase section */

/* Begin PBXTargetDependency section */
		D53A7408265F712F0050D67C /* PBXTargetDependency */ = {
			isa = PBXTargetDependency;
			target = D53A73EF265F712D0050D67C /* FileExpert */;
			targetProxy = D53A7407265F712F0050D67C /* PBXContainerItemProxy */;
		};
		D53A7413265F712F0050D67C /* PBXTargetDependency */ = {
			isa = PBXTargetDependency;
			target = D53A73EF265F712D0050D67C /* FileExpert */;
			targetProxy = D53A7412265F712F0050D67C /* PBXContainerItemProxy */;
		};
/* End PBXTargetDependency section */

/* Begin PBXVariantGroup section */
		D53A73FE265F712E0050D67C /* LaunchScreen.storyboard */ = {
			isa = PBXVariantGroup;
			children = (
				D53A73FF265F712E0050D67C /* Base */,
			);
			name = LaunchScreen.storyboard;
			sourceTree = "<group>";
		};
/* End PBXVariantGroup section */

/* Begin XCBuildConfiguration section */
		D53A7418265F712F0050D67C /* Debug */ = {
			isa = XCBuildConfiguration;
			buildSettings = {
				ALWAYS_SEARCH_USER_PATHS = NO;
				CLANG_ANALYZER_NONNULL = YES;
				CLANG_ANALYZER_NUMBER_OBJECT_CONVERSION = YES_AGGRESSIVE;
				CLANG_CXX_LANGUAGE_STANDARD = "gnu++14";
				CLANG_CXX_LIBRARY = "libc++";
				CLANG_ENABLE_MODULES = YES;
				CLANG_ENABLE_OBJC_ARC = YES;
				CLANG_ENABLE_OBJC_WEAK = YES;
				CLANG_WARN_BLOCK_CAPTURE_AUTORELEASING = YES;
				CLANG_WARN_BOOL_CONVERSION = YES;
				CLANG_WARN_COMMA = YES;
				CLANG_WARN_CONSTANT_CONVERSION = YES;
				CLANG_WARN_DEPRECATED_OBJC_IMPLEMENTATIONS = YES;
				CLANG_WARN_DIRECT_OBJC_ISA_USAGE = YES_ERROR;
				CLANG_WARN_DOCUMENTATION_COMMENTS = YES;
				CLANG_WARN_EMPTY_BODY = YES;
				CLANG_WARN_ENUM_CONVERSION = YES;
				CLANG_WARN_INFINITE_RECURSION = YES;
				CLANG_WARN_INT_CONVERSION = YES;
				CLANG_WARN_NON_LITERAL_NULL_CONVERSION = YES;
				CLANG_WARN_OBJC_IMPLICIT_RETAIN_SELF = YES;
				CLANG_WARN_OBJC_LITERAL_CONVERSION = YES;
				CLANG_WARN_OBJC_ROOT_CLASS = YES_ERROR;
				CLANG_WARN_QUOTED_INCLUDE_IN_FRAMEWORK_HEADER = YES;
				CLANG_WARN_RANGE_LOOP_ANALYSIS = YES;
				CLANG_WARN_STRICT_PROTOTYPES = YES;
				CLANG_WARN_SUSPICIOUS_MOVE = YES;
				CLANG_WARN_UNGUARDED_AVAILABILITY = YES_AGGRESSIVE;
				CLANG_WARN_UNREACHABLE_CODE = YES;
				CLANG_WARN__DUPLICATE_METHOD_MATCH = YES;
				COPY_PHASE_STRIP = NO;
				DEBUG_INFORMATION_FORMAT = dwarf;
				ENABLE_STRICT_OBJC_MSGSEND = YES;
				ENABLE_TESTABILITY = YES;
				GCC_C_LANGUAGE_STANDARD = gnu11;
				GCC_DYNAMIC_NO_PIC = NO;
				GCC_NO_COMMON_BLOCKS = YES;
				GCC_OPTIMIZATION_LEVEL = 0;
				GCC_PREPROCESSOR_DEFINITIONS = (
					"DEBUG=1",
					"$(inherited)",
				);
				GCC_WARN_64_TO_32_BIT_CONVERSION = YES;
				GCC_WARN_ABOUT_RETURN_TYPE = YES_ERROR;
				GCC_WARN_UNDECLARED_SELECTOR = YES;
				GCC_WARN_UNINITIALIZED_AUTOS = YES_AGGRESSIVE;
				GCC_WARN_UNUSED_FUNCTION = YES;
				GCC_WARN_UNUSED_VARIABLE = YES;
				IPHONEOS_DEPLOYMENT_TARGET = 14.4;
				MTL_ENABLE_DEBUG_INFO = INCLUDE_SOURCE;
				MTL_FAST_MATH = YES;
				ONLY_ACTIVE_ARCH = YES;
				SDKROOT = iphoneos;
				SWIFT_ACTIVE_COMPILATION_CONDITIONS = DEBUG;
				SWIFT_OPTIMIZATION_LEVEL = "-Onone";
			};
			name = Debug;
		};
		D53A7419265F712F0050D67C /* Release */ = {
			isa = XCBuildConfiguration;
			buildSettings = {
				ALWAYS_SEARCH_USER_PATHS = NO;
				CLANG_ANALYZER_NONNULL = YES;
				CLANG_ANALYZER_NUMBER_OBJECT_CONVERSION = YES_AGGRESSIVE;
				CLANG_CXX_LANGUAGE_STANDARD = "gnu++14";
				CLANG_CXX_LIBRARY = "libc++";
				CLANG_ENABLE_MODULES = YES;
				CLANG_ENABLE_OBJC_ARC = YES;
				CLANG_ENABLE_OBJC_WEAK = YES;
				CLANG_WARN_BLOCK_CAPTURE_AUTORELEASING = YES;
				CLANG_WARN_BOOL_CONVERSION = YES;
				CLANG_WARN_COMMA = YES;
				CLANG_WARN_CONSTANT_CONVERSION = YES;
				CLANG_WARN_DEPRECATED_OBJC_IMPLEMENTATIONS = YES;
				CLANG_WARN_DIRECT_OBJC_ISA_USAGE = YES_ERROR;
				CLANG_WARN_DOCUMENTATION_COMMENTS = YES;
				CLANG_WARN_EMPTY_BODY = YES;
				CLANG_WARN_ENUM_CONVERSION = YES;
				CLANG_WARN_INFINITE_RECURSION = YES;
				CLANG_WARN_INT_CONVERSION = YES;
				CLANG_WARN_NON_LITERAL_NULL_CONVERSION = YES;
				CLANG_WARN_OBJC_IMPLICIT_RETAIN_SELF = YES;
				CLANG_WARN_OBJC_LITERAL_CONVERSION = YES;
				CLANG_WARN_OBJC_ROOT_CLASS = YES_ERROR;
				CLANG_WARN_QUOTED_INCLUDE_IN_FRAMEWORK_HEADER = YES;
				CLANG_WARN_RANGE_LOOP_ANALYSIS = YES;
				CLANG_WARN_STRICT_PROTOTYPES = YES;
				CLANG_WARN_SUSPICIOUS_MOVE = YES;
				CLANG_WARN_UNGUARDED_AVAILABILITY = YES_AGGRESSIVE;
				CLANG_WARN_UNREACHABLE_CODE = YES;
				CLANG_WARN__DUPLICATE_METHOD_MATCH = YES;
				COPY_PHASE_STRIP = NO;
				DEBUG_INFORMATION_FORMAT = "dwarf-with-dsym";
				ENABLE_NS_ASSERTIONS = NO;
				ENABLE_STRICT_OBJC_MSGSEND = YES;
				GCC_C_LANGUAGE_STANDARD = gnu11;
				GCC_NO_COMMON_BLOCKS = YES;
				GCC_WARN_64_TO_32_BIT_CONVERSION = YES;
				GCC_WARN_ABOUT_RETURN_TYPE = YES_ERROR;
				GCC_WARN_UNDECLARED_SELECTOR = YES;
				GCC_WARN_UNINITIALIZED_AUTOS = YES_AGGRESSIVE;
				GCC_WARN_UNUSED_FUNCTION = YES;
				GCC_WARN_UNUSED_VARIABLE = YES;
				IPHONEOS_DEPLOYMENT_TARGET = 14.4;
				MTL_ENABLE_DEBUG_INFO = NO;
				MTL_FAST_MATH = YES;
				SDKROOT = iphoneos;
				SWIFT_COMPILATION_MODE = wholemodule;
				SWIFT_OPTIMIZATION_LEVEL = "-O";
				VALIDATE_PRODUCT = YES;
			};
			name = Release;
		};
		D53A741B265F712F0050D67C /* Debug */ = {
			isa = XCBuildConfiguration;
			baseConfigurationReference = 470CAA6549990293786983C5 /* Pods-FileExpert.debug.xcconfig */;
			buildSettings = {
				ASSETCATALOG_COMPILER_APPICON_NAME = AppIcon;
				ASSETCATALOG_COMPILER_GLOBAL_ACCENT_COLOR_NAME = AccentColor;
				CODE_SIGN_STYLE = Automatic;
				DEVELOPMENT_TEAM = 49DH34YDV8;
				INFOPLIST_FILE = FileExpert/Info.plist;
				LD_RUNPATH_SEARCH_PATHS = (
					"$(inherited)",
					"@executable_path/Frameworks",
				);
				PRODUCT_BUNDLE_IDENTIFIER = com.igavrysh.FileExpert;
				PRODUCT_NAME = "$(TARGET_NAME)";
				SWIFT_VERSION = 5.0;
				TARGETED_DEVICE_FAMILY = "1,2";
			};
			name = Debug;
		};
		D53A741C265F712F0050D67C /* Release */ = {
			isa = XCBuildConfiguration;
			baseConfigurationReference = 295E4C690DD83BE784AEBD68 /* Pods-FileExpert.release.xcconfig */;
			buildSettings = {
				ASSETCATALOG_COMPILER_APPICON_NAME = AppIcon;
				ASSETCATALOG_COMPILER_GLOBAL_ACCENT_COLOR_NAME = AccentColor;
				CODE_SIGN_STYLE = Automatic;
				DEVELOPMENT_TEAM = 49DH34YDV8;
				INFOPLIST_FILE = FileExpert/Info.plist;
				LD_RUNPATH_SEARCH_PATHS = (
					"$(inherited)",
					"@executable_path/Frameworks",
				);
				PRODUCT_BUNDLE_IDENTIFIER = com.igavrysh.FileExpert;
				PRODUCT_NAME = "$(TARGET_NAME)";
				SWIFT_VERSION = 5.0;
				TARGETED_DEVICE_FAMILY = "1,2";
			};
			name = Release;
		};
		D53A741E265F712F0050D67C /* Debug */ = {
			isa = XCBuildConfiguration;
			baseConfigurationReference = D3197F202C06F87074AF7A26 /* Pods-FileExpertTests.debug.xcconfig */;
			buildSettings = {
				ALWAYS_EMBED_SWIFT_STANDARD_LIBRARIES = YES;
				BUNDLE_LOADER = "$(TEST_HOST)";
				CODE_SIGN_STYLE = Automatic;
				DEVELOPMENT_TEAM = 49DH34YDV8;
				INFOPLIST_FILE = FileExpertTests/Info.plist;
				IPHONEOS_DEPLOYMENT_TARGET = 14.4;
				LD_RUNPATH_SEARCH_PATHS = (
					"$(inherited)",
					"@executable_path/Frameworks",
					"@loader_path/Frameworks",
				);
				PRODUCT_BUNDLE_IDENTIFIER = com.igavrysh.FileExpertTests;
				PRODUCT_NAME = "$(TARGET_NAME)";
				SWIFT_VERSION = 5.0;
				TARGETED_DEVICE_FAMILY = "1,2";
				TEST_HOST = "$(BUILT_PRODUCTS_DIR)/FileExpert.app/FileExpert";
			};
			name = Debug;
		};
		D53A741F265F712F0050D67C /* Release */ = {
			isa = XCBuildConfiguration;
			baseConfigurationReference = 4E0E19D16C2C4B52B3C95403 /* Pods-FileExpertTests.release.xcconfig */;
			buildSettings = {
				ALWAYS_EMBED_SWIFT_STANDARD_LIBRARIES = YES;
				BUNDLE_LOADER = "$(TEST_HOST)";
				CODE_SIGN_STYLE = Automatic;
				DEVELOPMENT_TEAM = 49DH34YDV8;
				INFOPLIST_FILE = FileExpertTests/Info.plist;
				IPHONEOS_DEPLOYMENT_TARGET = 14.4;
				LD_RUNPATH_SEARCH_PATHS = (
					"$(inherited)",
					"@executable_path/Frameworks",
					"@loader_path/Frameworks",
				);
				PRODUCT_BUNDLE_IDENTIFIER = com.igavrysh.FileExpertTests;
				PRODUCT_NAME = "$(TARGET_NAME)";
				SWIFT_VERSION = 5.0;
				TARGETED_DEVICE_FAMILY = "1,2";
				TEST_HOST = "$(BUILT_PRODUCTS_DIR)/FileExpert.app/FileExpert";
			};
			name = Release;
		};
		D53A7421265F712F0050D67C /* Debug */ = {
			isa = XCBuildConfiguration;
			baseConfigurationReference = 8B1DC54110270BCB3AB62C7B /* Pods-FileExpert-FileExpertUITests.debug.xcconfig */;
			buildSettings = {
				ALWAYS_EMBED_SWIFT_STANDARD_LIBRARIES = YES;
				CODE_SIGN_STYLE = Automatic;
				DEVELOPMENT_TEAM = 49DH34YDV8;
				INFOPLIST_FILE = FileExpertUITests/Info.plist;
				LD_RUNPATH_SEARCH_PATHS = (
					"$(inherited)",
					"@executable_path/Frameworks",
					"@loader_path/Frameworks",
				);
				PRODUCT_BUNDLE_IDENTIFIER = com.igavrysh.FileExpertUITests;
				PRODUCT_NAME = "$(TARGET_NAME)";
				SWIFT_VERSION = 5.0;
				TARGETED_DEVICE_FAMILY = "1,2";
				TEST_TARGET_NAME = FileExpert;
			};
			name = Debug;
		};
		D53A7422265F712F0050D67C /* Release */ = {
			isa = XCBuildConfiguration;
			baseConfigurationReference = 9052F2C7DDD52501A2DA8558 /* Pods-FileExpert-FileExpertUITests.release.xcconfig */;
			buildSettings = {
				ALWAYS_EMBED_SWIFT_STANDARD_LIBRARIES = YES;
				CODE_SIGN_STYLE = Automatic;
				DEVELOPMENT_TEAM = 49DH34YDV8;
				INFOPLIST_FILE = FileExpertUITests/Info.plist;
				LD_RUNPATH_SEARCH_PATHS = (
					"$(inherited)",
					"@executable_path/Frameworks",
					"@loader_path/Frameworks",
				);
				PRODUCT_BUNDLE_IDENTIFIER = com.igavrysh.FileExpertUITests;
				PRODUCT_NAME = "$(TARGET_NAME)";
				SWIFT_VERSION = 5.0;
				TARGETED_DEVICE_FAMILY = "1,2";
				TEST_TARGET_NAME = FileExpert;
			};
			name = Release;
		};
/* End XCBuildConfiguration section */

/* Begin XCConfigurationList section */
		D53A73EB265F712D0050D67C /* Build configuration list for PBXProject "FileExpert" */ = {
			isa = XCConfigurationList;
			buildConfigurations = (
				D53A7418265F712F0050D67C /* Debug */,
				D53A7419265F712F0050D67C /* Release */,
			);
			defaultConfigurationIsVisible = 0;
			defaultConfigurationName = Release;
		};
		D53A741A265F712F0050D67C /* Build configuration list for PBXNativeTarget "FileExpert" */ = {
			isa = XCConfigurationList;
			buildConfigurations = (
				D53A741B265F712F0050D67C /* Debug */,
				D53A741C265F712F0050D67C /* Release */,
			);
			defaultConfigurationIsVisible = 0;
			defaultConfigurationName = Release;
		};
		D53A741D265F712F0050D67C /* Build configuration list for PBXNativeTarget "FileExpertTests" */ = {
			isa = XCConfigurationList;
			buildConfigurations = (
				D53A741E265F712F0050D67C /* Debug */,
				D53A741F265F712F0050D67C /* Release */,
			);
			defaultConfigurationIsVisible = 0;
			defaultConfigurationName = Release;
		};
		D53A7420265F712F0050D67C /* Build configuration list for PBXNativeTarget "FileExpertUITests" */ = {
			isa = XCConfigurationList;
			buildConfigurations = (
				D53A7421265F712F0050D67C /* Debug */,
				D53A7422265F712F0050D67C /* Release */,
			);
			defaultConfigurationIsVisible = 0;
			defaultConfigurationName = Release;
		};
/* End XCConfigurationList section */
	};
	rootObject = D53A73E8265F712D0050D67C /* Project object */;
}
